Microsoft Visual Studio Solution File, Format Version 12.00
# Visual Studio Version 17
VisualStudioVersion = 17.1.32210.238
MinimumVisualStudioVersion = 10.0.40219.1
Project("{FAE04EC0-301F-11D3-BF4B-00C04F79EFBC}") = "lesson1", "lesson1\lesson1.csproj", "{2ACA2980-EEF0-43F2-9282-1B5CECE83139}"
EndProject
Project("{FAE04EC0-301F-11D3-BF4B-00C04F79EFBC}") = "lesson3a", "lesson3a\lesson3a.csproj", "{B943910F-C4F5-4F72-9C55-7C9886E38CA2}"
EndProject
Project("{FAE04EC0-301F-11D3-BF4B-00C04F79EFBC}") = "lesson2a", "lesson2a\lesson2a.csproj", "{ADC4FAFA-CA0B-48BA-B982-46A09CE82051}"
EndProject
Project("{FAE04EC0-301F-11D3-BF4B-00C04F79EFBC}") = "lesson4", "lesson4\lesson4.csproj", "{6B501131-42BA-4E66-AED2-C7C6E403D48E}"
EndProject
Project("{FAE04EC0-301F-11D3-BF4B-00C04F79EFBC}") = "lesson5", "lesson5\lesson5.csproj", "{10D2EDD9-33D4-43E1-84C7-4E9A646A112D}"
EndProject
Global
	GlobalSection(SolutionConfigurationPlatforms) = preSolution
		Debug|Any CPU = Debug|Any CPU
		Release|Any CPU = Release|Any CPU
	EndGlobalSection
	GlobalSection(ProjectConfigurationPlatforms) = postSolution
		{2ACA2980-EEF0-43F2-9282-1B5CECE83139}.Debug|Any CPU.ActiveCfg = Debug|Any CPU
		{2ACA2980-EEF0-43F2-9282-1B5CECE83139}.Debug|Any CPU.Build.0 = Debug|Any CPU
		{2ACA2980-EEF0-43F2-9282-1B5CECE83139}.Release|Any CPU.ActiveCfg = Release|Any CPU
		{2ACA2980-EEF0-43F2-9282-1B5CECE83139}.Release|Any CPU.Build.0 = Release|Any CPU
		{B943910F-C4F5-4F72-9C55-7C9886E38CA2}.Debug|Any CPU.ActiveCfg = Debug|Any CPU
		{B943910F-C4F5-4F72-9C55-7C9886E38CA2}.Debug|Any CPU.Build.0 = Debug|Any CPU
		{B943910F-C4F5-4F72-9C55-7C9886E38CA2}.Release|Any CPU.ActiveCfg = Release|Any CPU
		{B943910F-C4F5-4F72-9C55-7C9886E38CA2}.Release|Any CPU.Build.0 = Release|Any CPU
		{ADC4FAFA-CA0B-48BA-B982-46A09CE82051}.Debug|Any CPU.ActiveCfg = Debug|Any CPU
		{ADC4FAFA-CA0B-48BA-B982-46A09CE82051}.Debug|Any CPU.Build.0 = Debug|Any CPU
		{ADC4FAFA-CA0B-48BA-B982-46A09CE82051}.Release|Any CPU.ActiveCfg = Release|Any CPU
		{ADC4FAFA-CA0B-48BA-B982-46A09CE82051}.Release|Any CPU.Build.0 = Release|Any CPU
		{6B501131-42BA-4E66-AED2-C7C6E403D48E}.Debug|Any CPU.ActiveCfg = Debug|Any CPU
		{6B501131-42BA-4E66-AED2-C7C6E403D48E}.Debug|Any CPU.Build.0 = Debug|Any CPU
		{6B501131-42BA-4E66-AED2-C7C6E403D48E}.Release|Any CPU.ActiveCfg = Release|Any CPU
		{6B501131-42BA-4E66-AED2-C7C6E403D48E}.Release|Any CPU.Build.0 = Release|Any CPU
		{10D2EDD9-33D4-43E1-84C7-4E9A646A112D}.Debug|Any CPU.ActiveCfg = Debug|Any CPU
		{10D2EDD9-33D4-43E1-84C7-4E9A646A112D}.Debug|Any CPU.Build.0 = Debug|Any CPU
		{10D2EDD9-33D4-43E1-84C7-4E9A646A112D}.Release|Any CPU.ActiveCfg = Release|Any CPU
		{10D2EDD9-33D4-43E1-84C7-4E9A646A112D}.Release|Any CPU.Build.0 = Release|Any CPU
	EndGlobalSection
	GlobalSection(SolutionProperties) = preSolution
		HideSolutionNode = FALSE
	EndGlobalSection
	GlobalSection(ExtensibilityGlobals) = postSolution
		SolutionGuid = {28D88A02-DC96-476C-BFDD-44BCB828DAFC}
	EndGlobalSection
EndGlobal
